
Microsoft Visual Studio Solution File, Format Version 12.00
# Visual Studio Version 16
VisualStudioVersion = 16.0.29609.76
MinimumVisualStudioVersion = 10.0.40219.1
Project("{FAE04EC0-301F-11D3-BF4B-00C04F79EFBC}") = "ExampleDataAnalysis", "ExampleDataAnalysis\ExampleDataAnalysis.csproj", "{FCE1296D-4DD7-4967-8A48-963B8D1855F6}"
EndProject
Global
	GlobalSection(SolutionConfigurationPlatforms) = preSolution
		Debug|Any CPU = Debug|Any CPU
		Release|Any CPU = Release|Any CPU
	EndGlobalSection
	GlobalSection(ProjectConfigurationPlatforms) = postSolution
		{FCE1296D-4DD7-4967-8A48-963B8D1855F6}.Debug|Any CPU.ActiveCfg = Debug|Any CPU
		{FCE1296D-4DD7-4967-8A48-963B8D1855F6}.Debug|Any CPU.Build.0 = Debug|Any CPU
		{FCE1296D-4DD7-4967-8A48-963B8D1855F6}.Release|Any CPU.ActiveCfg = Release|Any CPU
		{FCE1296D-4DD7-4967-8A48-963B8D1855F6}.Release|Any CPU.Build.0 = Release|Any CPU
	EndGlobalSection
	GlobalSection(SolutionProperties) = preSolution
		HideSolutionNode = FALSE
	EndGlobalSection
	GlobalSection(ExtensibilityGlobals) = postSolution
		SolutionGuid = {4B183339-84BD-4EF7-99A1-4A7EEA13D4BA}
	EndGlobalSection
EndGlobal
